
Microsoft Visual Studio Solution File, Format Version 12.00
# Visual Studio 14
VisualStudioVersion = 14.0.25420.1
MinimumVisualStudioVersion = 10.0.40219.1
Project("{FAE04EC0-301F-11D3-BF4B-00C04F79EFBC}") = "Hospital.Data", "Hospital.Data\Hospital.Data.csproj", "{FD432139-2287-41B1-B9F2-C85648A3C5A4}"
EndProject
Project("{FAE04EC0-301F-11D3-BF4B-00C04F79EFBC}") = "HMUnitTestProject1", "HMUnitTestProject1\HMUnitTestProject1.csproj", "{29418769-32CC-49DF-8300-A9792420C9F7}"
EndProject
Project("{FAE04EC0-301F-11D3-BF4B-00C04F79EFBC}") = "HM.Data.API", "HM.Data.API\HM.Data.API.csproj", "{ACF02FAA-8BD1-40BA-9327-33B979258F94}"
EndProject
Project("{FAE04EC0-301F-11D3-BF4B-00C04F79EFBC}") = "HB.Webs", "HB.Webs\HB.Webs.csproj", "{748DBCCE-BBF3-4BC8-9740-D2A9B9CFB7FA}"
EndProject
Global
	GlobalSection(SolutionConfigurationPlatforms) = preSolution
		Debug|Any CPU = Debug|Any CPU
		Release|Any CPU = Release|Any CPU
	EndGlobalSection
	GlobalSection(ProjectConfigurationPlatforms) = postSolution
		{FD432139-2287-41B1-B9F2-C85648A3C5A4}.Debug|Any CPU.ActiveCfg = Debug|Any CPU
		{FD432139-2287-41B1-B9F2-C85648A3C5A4}.Debug|Any CPU.Build.0 = Debug|Any CPU
		{FD432139-2287-41B1-B9F2-C85648A3C5A4}.Release|Any CPU.ActiveCfg = Release|Any CPU
		{FD432139-2287-41B1-B9F2-C85648A3C5A4}.Release|Any CPU.Build.0 = Release|Any CPU
		{29418769-32CC-49DF-8300-A9792420C9F7}.Debug|Any CPU.ActiveCfg = Debug|Any CPU
		{29418769-32CC-49DF-8300-A9792420C9F7}.Debug|Any CPU.Build.0 = Debug|Any CPU
		{29418769-32CC-49DF-8300-A9792420C9F7}.Release|Any CPU.ActiveCfg = Release|Any CPU
		{29418769-32CC-49DF-8300-A9792420C9F7}.Release|Any CPU.Build.0 = Release|Any CPU
		{ACF02FAA-8BD1-40BA-9327-33B979258F94}.Debug|Any CPU.ActiveCfg = Debug|Any CPU
		{ACF02FAA-8BD1-40BA-9327-33B979258F94}.Debug|Any CPU.Build.0 = Debug|Any CPU
		{ACF02FAA-8BD1-40BA-9327-33B979258F94}.Release|Any CPU.ActiveCfg = Release|Any CPU
		{ACF02FAA-8BD1-40BA-9327-33B979258F94}.Release|Any CPU.Build.0 = Release|Any CPU
		{748DBCCE-BBF3-4BC8-9740-D2A9B9CFB7FA}.Debug|Any CPU.ActiveCfg = Debug|Any CPU
		{748DBCCE-BBF3-4BC8-9740-D2A9B9CFB7FA}.Debug|Any CPU.Build.0 = Debug|Any CPU
		{748DBCCE-BBF3-4BC8-9740-D2A9B9CFB7FA}.Release|Any CPU.ActiveCfg = Release|Any CPU
		{748DBCCE-BBF3-4BC8-9740-D2A9B9CFB7FA}.Release|Any CPU.Build.0 = Release|Any CPU
	EndGlobalSection
	GlobalSection(SolutionProperties) = preSolution
		HideSolutionNode = FALSE
	EndGlobalSection
EndGlobal
